{
  "nodes": {
    "nixpkgs": {
      "locked": {
        "lastModified": 1666160400,
        "narHash": "sha256-QWHZqUX0t98g6ki0IzTr1QMfWk50jLusG5i5S/gMsA4=",
        "owner": "benxiao",
        "repo": "nixpkgs",
        "rev": "28da6e7346cfc422402041bd5245873ad9ead863",
        "type": "github"
      },
      "original": {
        "owner": "benxiao",
        "ref": "mediapipe",
        "repo": "nixpkgs",
        "type": "github"
      }
    },
    "root": {
      "inputs": {
        "nixpkgs": "nixpkgs"
      }
    }
  },
  "root": "root",
  "version": 7
}
